{
  "name": "se-app",
  "version": "0.0.0",
  "lockfileVersion": 3,
  "requires": true,
  "packages": {
    "": {
      "name": "se-app",
      "version": "0.0.0",
      "dependencies": {
        "@tauri-apps/api": "^1.5.1",
        "mysql": "^2.18.1",
        "tauri-plugin-log-api": "github:tauri-apps/tauri-plugin-log",
        "tauri-plugin-sql-api": "github:tauri-apps/tauri-plugin-sql#v1"
      },
      "devDependencies": {
        "@tauri-apps/cli": "^1.5.6"
      }
    },
    "node_modules/@tauri-apps/api": {
      "version": "1.5.1",
      "resolved": "https://registry.npmjs.org/@tauri-apps/api/-/api-1.5.1.tgz",
      "integrity": "sha512-6unsZDOdlXTmauU3NhWhn+Cx0rODV+rvNvTdvolE5Kls5ybA6cqndQENDt1+FS0tF7ozCP66jwWoH6a5h90BrA==",
      "engines": {
        "node": ">= 14.6.0",
        "npm": ">= 6.6.0",
        "yarn": ">= 1.19.1"
      },
      "funding": {
        "type": "opencollective",
        "url": "https://opencollective.com/tauri"
      }
    },
    "node_modules/@tauri-apps/cli": {
      "version": "1.5.6",
      "resolved": "https://registry.npmjs.org/@tauri-apps/cli/-/cli-1.5.6.tgz",
      "integrity": "sha512-k4Y19oVCnt7WZb2TnDzLqfs7o98Jq0tUoVMv+JQSzuRDJqaVu2xMBZ8dYplEn+EccdR5SOMyzaLBJWu38TVK1A==",
      "dev": true,
      "bin": {
        "tauri": "tauri.js"
      },
      "engines": {
        "node": ">= 10"
      },
      "funding": {
        "type": "opencollective",
        "url": "https://opencollective.com/tauri"
      },
      "optionalDependencies": {
        "@tauri-apps/cli-darwin-arm64": "1.5.6",
        "@tauri-apps/cli-darwin-x64": "1.5.6",
        "@tauri-apps/cli-linux-arm-gnueabihf": "1.5.6",
        "@tauri-apps/cli-linux-arm64-gnu": "1.5.6",
        "@tauri-apps/cli-linux-arm64-musl": "1.5.6",
        "@tauri-apps/cli-linux-x64-gnu": "1.5.6",
        "@tauri-apps/cli-linux-x64-musl": "1.5.6",
        "@tauri-apps/cli-win32-arm64-msvc": "1.5.6",
        "@tauri-apps/cli-win32-ia32-msvc": "1.5.6",
        "@tauri-apps/cli-win32-x64-msvc": "1.5.6"
      }
    },
    "node_modules/@tauri-apps/cli-darwin-arm64": {
      "version": "1.5.6",
      "resolved": "https://registry.npmjs.org/@tauri-apps/cli-darwin-arm64/-/cli-darwin-arm64-1.5.6.tgz",
      "integrity": "sha512-NNvG3XLtciCMsBahbDNUEvq184VZmOveTGOuy0So2R33b/6FDkuWaSgWZsR1mISpOuP034htQYW0VITCLelfqg==",
      "cpu": [
        "arm64"
      ],
      "dev": true,
      "optional": true,
      "os": [
        "darwin"
      ],
      "engines": {
        "node": ">= 10"
      }
    },
    "node_modules/@tauri-apps/cli-darwin-x64": {
      "version": "1.5.6",
      "resolved": "https://registry.npmjs.org/@tauri-apps/cli-darwin-x64/-/cli-darwin-x64-1.5.6.tgz",
      "integrity": "sha512-nkiqmtUQw3N1j4WoVjv81q6zWuZFhBLya/RNGUL94oafORloOZoSY0uTZJAoeieb3Y1YK0rCHSDl02MyV2Fi4A==",
      "cpu": [
        "x64"
      ],
      "dev": true,
      "optional": true,
      "os": [
        "darwin"
      ],
      "engines": {
        "node": ">= 10"
      }
    },
    "node_modules/@tauri-apps/cli-linux-arm-gnueabihf": {
      "version": "1.5.6",
      "resolved": "https://registry.npmjs.org/@tauri-apps/cli-linux-arm-gnueabihf/-/cli-linux-arm-gnueabihf-1.5.6.tgz",
      "integrity": "sha512-z6SPx+axZexmWXTIVPNs4Tg7FtvdJl9EKxYN6JPjOmDZcqA13iyqWBQal2DA/GMZ1Xqo3vyJf6EoEaKaliymPQ==",
      "cpu": [
        "arm"
      ],
      "dev": true,
      "optional": true,
      "os": [
        "linux"
      ],
      "engines": {
        "node": ">= 10"
      }
    },
    "node_modules/@tauri-apps/cli-linux-arm64-gnu": {
      "version": "1.5.6",
      "resolved": "https://registry.npmjs.org/@tauri-apps/cli-linux-arm64-gnu/-/cli-linux-arm64-gnu-1.5.6.tgz",
      "integrity": "sha512-QuQjMQmpsCbzBrmtQiG4uhnfAbdFx3nzm+9LtqjuZlurc12+Mj5MTgqQ3AOwQedH3f7C+KlvbqD2AdXpwTg7VA==",
      "cpu": [
        "arm64"
      ],
      "dev": true,
      "optional": true,
      "os": [
        "linux"
      ],
      "engines": {
        "node": ">= 10"
      }
    },
    "node_modules/@tauri-apps/cli-linux-arm64-musl": {
      "version": "1.5.6",
      "resolved": "https://registry.npmjs.org/@tauri-apps/cli-linux-arm64-musl/-/cli-linux-arm64-musl-1.5.6.tgz",
      "integrity": "sha512-8j5dH3odweFeom7bRGlfzDApWVOT4jIq8/214Wl+JeiNVehouIBo9lZGeghZBH3XKFRwEvU23i7sRVjuh2s8mg==",
      "cpu": [
        "arm64"
      ],
      "dev": true,
      "optional": true,
      "os": [
        "linux"
      ],
      "engines": {
        "node": ">= 10"
      }
    },
    "node_modules/@tauri-apps/cli-linux-x64-gnu": {
      "version": "1.5.6",
      "resolved": "https://registry.npmjs.org/@tauri-apps/cli-linux-x64-gnu/-/cli-linux-x64-gnu-1.5.6.tgz",
      "integrity": "sha512-gbFHYHfdEGW0ffk8SigDsoXks6USpilF6wR0nqB/JbWzbzFR/sBuLVNQlJl1RKNakyJHu+lsFxGy0fcTdoX8xA==",
      "cpu": [
        "x64"
      ],
      "dev": true,
      "optional": true,
      "os": [
        "linux"
      ],
      "engines": {
        "node": ">= 10"
      }
    },
    "node_modules/@tauri-apps/cli-linux-x64-musl": {
      "version": "1.5.6",
      "resolved": "https://registry.npmjs.org/@tauri-apps/cli-linux-x64-musl/-/cli-linux-x64-musl-1.5.6.tgz",
      "integrity": "sha512-9v688ogoLkeFYQNgqiSErfhTreLUd8B3prIBSYUt+x4+5Kcw91zWvIh+VSxL1n3KCGGsM7cuXhkGPaxwlEh1ug==",
      "cpu": [
        "x64"
      ],
      "dev": true,
      "optional": true,
      "os": [
        "linux"
      ],
      "engines": {
        "node": ">= 10"
      }
    },
    "node_modules/@tauri-apps/cli-win32-arm64-msvc": {
      "version": "1.5.6",
      "resolved": "https://registry.npmjs.org/@tauri-apps/cli-win32-arm64-msvc/-/cli-win32-arm64-msvc-1.5.6.tgz",
      "integrity": "sha512-DRNDXFNZb6y5IZrw+lhTTA9l4wbzO4TNRBAlHAiXUrH+pRFZ/ZJtv5WEuAj9ocVSahVw2NaK5Yaold4NPAxHog==",
      "cpu": [
        "arm64"
      ],
      "dev": true,
      "optional": true,
      "os": [
        "win32"
      ],
      "engines": {
        "node": ">= 10"
      }
    },
    "node_modules/@tauri-apps/cli-win32-ia32-msvc": {
      "version": "1.5.6",
      "resolved": "https://registry.npmjs.org/@tauri-apps/cli-win32-ia32-msvc/-/cli-win32-ia32-msvc-1.5.6.tgz",
      "integrity": "sha512-oUYKNR/IZjF4fsOzRpw0xesl2lOjhsQEyWlgbpT25T83EU113Xgck9UjtI7xemNI/OPCv1tPiaM1e7/ABdg5iA==",
      "cpu": [
        "ia32"
      ],
      "dev": true,
      "optional": true,
      "os": [
        "win32"
      ],
      "engines": {
        "node": ">= 10"
      }
    },
    "node_modules/@tauri-apps/cli-win32-x64-msvc": {
      "version": "1.5.6",
      "resolved": "https://registry.npmjs.org/@tauri-apps/cli-win32-x64-msvc/-/cli-win32-x64-msvc-1.5.6.tgz",
      "integrity": "sha512-RmEf1os9C8//uq2hbjXi7Vgz9ne7798ZxqemAZdUwo1pv3oLVZSz1/IvZmUHPdy2e6zSeySqWu1D0Y3QRNN+dg==",
      "cpu": [
        "x64"
      ],
      "dev": true,
      "optional": true,
      "os": [
        "win32"
      ],
      "engines": {
        "node": ">= 10"
      }
    },
    "node_modules/bignumber.js": {
      "version": "9.0.0",
      "resolved": "https://registry.npmjs.org/bignumber.js/-/bignumber.js-9.0.0.tgz",
      "integrity": "sha512-t/OYhhJ2SD+YGBQcjY8GzzDHEk9f3nerxjtfa6tlMXfe7frs/WozhvCNoGvpM0P3bNf3Gq5ZRMlGr5f3r4/N8A==",
      "engines": {
        "node": "*"
      }
    },
    "node_modules/core-util-is": {
      "version": "1.0.3",
      "resolved": "https://registry.npmjs.org/core-util-is/-/core-util-is-1.0.3.tgz",
      "integrity": "sha512-ZQBvi1DcpJ4GDqanjucZ2Hj3wEO5pZDS89BWbkcrvdxksJorwUDDZamX9ldFkp9aw2lmBDLgkObEA4DWNJ9FYQ=="
    },
    "node_modules/inherits": {
      "version": "2.0.4",
      "resolved": "https://registry.npmjs.org/inherits/-/inherits-2.0.4.tgz",
      "integrity": "sha512-k/vGaX4/Yla3WzyMCvTQOXYeIHvqOKtnqBduzTHpzpQZzAskKMhZ2K+EnBiSM9zGSoIFeMpXKxa4dYeZIQqewQ=="
    },
    "node_modules/isarray": {
      "version": "1.0.0",
      "resolved": "https://registry.npmjs.org/isarray/-/isarray-1.0.0.tgz",
      "integrity": "sha512-VLghIWNM6ELQzo7zwmcg0NmTVyWKYjvIeM83yjp0wRDTmUnrM678fQbcKBo6n2CJEF0szoG//ytg+TKla89ALQ=="
    },
    "node_modules/mysql": {
      "version": "2.18.1",
      "resolved": "https://registry.npmjs.org/mysql/-/mysql-2.18.1.tgz",
      "integrity": "sha512-Bca+gk2YWmqp2Uf6k5NFEurwY/0td0cpebAucFpY/3jhrwrVGuxU2uQFCHjU19SJfje0yQvi+rVWdq78hR5lig==",
      "dependencies": {
        "bignumber.js": "9.0.0",
        "readable-stream": "2.3.7",
        "safe-buffer": "5.1.2",
        "sqlstring": "2.3.1"
      },
      "engines": {
        "node": ">= 0.6"
      }
    },
    "node_modules/process-nextick-args": {
      "version": "2.0.1",
      "resolved": "https://registry.npmjs.org/process-nextick-args/-/process-nextick-args-2.0.1.tgz",
      "integrity": "sha512-3ouUOpQhtgrbOa17J7+uxOTpITYWaGP7/AhoR3+A+/1e9skrzelGi/dXzEYyvbxubEF6Wn2ypscTKiKJFFn1ag=="
    },
    "node_modules/readable-stream": {
      "version": "2.3.7",
      "resolved": "https://registry.npmjs.org/readable-stream/-/readable-stream-2.3.7.tgz",
      "integrity": "sha512-Ebho8K4jIbHAxnuxi7o42OrZgF/ZTNcsZj6nRKyUmkhLFq8CHItp/fy6hQZuZmP/n3yZ9VBUbp4zz/mX8hmYPw==",
      "dependencies": {
        "core-util-is": "~1.0.0",
        "inherits": "~2.0.3",
        "isarray": "~1.0.0",
        "process-nextick-args": "~2.0.0",
        "safe-buffer": "~5.1.1",
        "string_decoder": "~1.1.1",
        "util-deprecate": "~1.0.1"
      }
    },
    "node_modules/safe-buffer": {
      "version": "5.1.2",
      "resolved": "https://registry.npmjs.org/safe-buffer/-/safe-buffer-5.1.2.tgz",
      "integrity": "sha512-Gd2UZBJDkXlY7GbJxfsE8/nvKkUEU1G38c1siN6QP6a9PT9MmHB8GnpscSmMJSoF8LOIrt8ud/wPtojys4G6+g=="
    },
    "node_modules/sqlstring": {
      "version": "2.3.1",
      "resolved": "https://registry.npmjs.org/sqlstring/-/sqlstring-2.3.1.tgz",
      "integrity": "sha512-ooAzh/7dxIG5+uDik1z/Rd1vli0+38izZhGzSa34FwR7IbelPWCCKSNIl8jlL/F7ERvy8CB2jNeM1E9i9mXMAQ==",
      "engines": {
        "node": ">= 0.6"
      }
    },
    "node_modules/string_decoder": {
      "version": "1.1.1",
      "resolved": "https://registry.npmjs.org/string_decoder/-/string_decoder-1.1.1.tgz",
      "integrity": "sha512-n/ShnvDi6FHbbVfviro+WojiFzv+s8MPMHBczVePfUpDJLwoLT0ht1l4YwBCbi8pJAveEEdnkHyPyTP/mzRfwg==",
      "dependencies": {
        "safe-buffer": "~5.1.0"
      }
    },
    "node_modules/tauri-plugin-log-api": {
      "version": "0.0.0",
      "resolved": "git+ssh://git@github.com/tauri-apps/tauri-plugin-log.git#e5266f6719039c32b8f51ae86c9b726c2c9f3e42",
      "license": "MIT or APACHE-2.0",
      "dependencies": {
        "@tauri-apps/api": "1.5.1"
      }
    },
    "node_modules/tauri-plugin-sql-api": {
      "version": "0.0.0",
      "resolved": "git+ssh://git@github.com/tauri-apps/tauri-plugin-sql.git#3604825a4eded2be6cfa248aa0de9614a900cc2d",
      "license": "MIT or APACHE-2.0",
      "dependencies": {
        "@tauri-apps/api": "1.5.1"
      }
    },
    "node_modules/util-deprecate": {
      "version": "1.0.2",
      "resolved": "https://registry.npmjs.org/util-deprecate/-/util-deprecate-1.0.2.tgz",
      "integrity": "sha512-EPD5q1uXyFxJpCrLnCc1nHnq3gOa6DZBocAIiI2TaSCA7VCJ1UJDMagCzIkXNsUYfD1daK//LTEQ8xiIbrHtcw=="
    }
  }
}
